
Microsoft Visual Studio Solution File, Format Version 12.00
# Visual Studio 15
VisualStudioVersion = 15.0.27428.2037
MinimumVisualStudioVersion = 10.0.40219.1
Project("{FAE04EC0-301F-11D3-BF4B-00C04F79EFBC}") = "TestHostApp", "TestHostApp\TestHostApp.csproj", "{27340E77-0C5C-4309-B0EA-F5E518D45B02}"
EndProject
Project("{FAE04EC0-301F-11D3-BF4B-00C04F79EFBC}") = "TestHostApp.Tests", "TestHostApp.Tests\TestHostApp.Tests.csproj", "{A29E1E01-35A6-427C-B319-19E4CF920E52}"
EndProject
Global
	GlobalSection(SolutionConfigurationPlatforms) = preSolution
		Debug|Any CPU = Debug|Any CPU
		Release|Any CPU = Release|Any CPU
	EndGlobalSection
	GlobalSection(ProjectConfigurationPlatforms) = postSolution
		{27340E77-0C5C-4309-B0EA-F5E518D45B02}.Debug|Any CPU.ActiveCfg = Debug|Any CPU
		{27340E77-0C5C-4309-B0EA-F5E518D45B02}.Debug|Any CPU.Build.0 = Debug|Any CPU
		{27340E77-0C5C-4309-B0EA-F5E518D45B02}.Release|Any CPU.ActiveCfg = Release|Any CPU
		{27340E77-0C5C-4309-B0EA-F5E518D45B02}.Release|Any CPU.Build.0 = Release|Any CPU
		{A29E1E01-35A6-427C-B319-19E4CF920E52}.Debug|Any CPU.ActiveCfg = Debug|Any CPU
		{A29E1E01-35A6-427C-B319-19E4CF920E52}.Debug|Any CPU.Build.0 = Debug|Any CPU
		{A29E1E01-35A6-427C-B319-19E4CF920E52}.Release|Any CPU.ActiveCfg = Release|Any CPU
		{A29E1E01-35A6-427C-B319-19E4CF920E52}.Release|Any CPU.Build.0 = Release|Any CPU
	EndGlobalSection
	GlobalSection(SolutionProperties) = preSolution
		HideSolutionNode = FALSE
	EndGlobalSection
	GlobalSection(ExtensibilityGlobals) = postSolution
		SolutionGuid = {13D70D6F-7D5D-440E-B8C4-F165B024FA04}
	EndGlobalSection
EndGlobal
